// !$*UTF8*$!
{
	archiveVersion = 1;
	classes = {
	};
	objectVersion = 55;
	objects = {

/* Begin PBXBuildFile section */
		706655DAE34044F0DA650AF5 /* Pods_MVVM.framework in Frameworks */ = {isa = PBXBuildFile; fileRef = 144BE44BC1022395DD02551D /* Pods_MVVM.framework */; };
		911864592700FE0700A27381 /* HomeVC.swift in Sources */ = {isa = PBXBuildFile; fileRef = 911864572700FE0700A27381 /* HomeVC.swift */; };
		9118645A2700FE0700A27381 /* HomeVC.xib in Resources */ = {isa = PBXBuildFile; fileRef = 911864582700FE0700A27381 /* HomeVC.xib */; };
		9178322D2702751000C26686 /* HomeViewModel.swift in Sources */ = {isa = PBXBuildFile; fileRef = 9178322C2702751000C26686 /* HomeViewModel.swift */; };
		917CD3E527010715004C07E4 /* UIViewEx.swift in Sources */ = {isa = PBXBuildFile; fileRef = 917CD3E427010715004C07E4 /* UIViewEx.swift */; };
		917CD3E727010A4C004C07E4 /* UICollectionEx.swift in Sources */ = {isa = PBXBuildFile; fileRef = 917CD3E627010A4C004C07E4 /* UICollectionEx.swift */; };
		917CD3E927010AD9004C07E4 /* UITableViewEx.swift in Sources */ = {isa = PBXBuildFile; fileRef = 917CD3E827010AD9004C07E4 /* UITableViewEx.swift */; };
		917CD3ED27010DFF004C07E4 /* SilderCell.swift in Sources */ = {isa = PBXBuildFile; fileRef = 917CD3EB27010DFF004C07E4 /* SilderCell.swift */; };
		917CD3EE27010DFF004C07E4 /* SilderCell.xib in Resources */ = {isa = PBXBuildFile; fileRef = 917CD3EC27010DFF004C07E4 /* SilderCell.xib */; };
		917CD3F227011B2F004C07E4 /* RatingView.swift in Sources */ = {isa = PBXBuildFile; fileRef = 917CD3F127011B2F004C07E4 /* RatingView.swift */; };
		918902272704BF0000F89890 /* PopularTCell.swift in Sources */ = {isa = PBXBuildFile; fileRef = 918902252704BF0000F89890 /* PopularTCell.swift */; };
		918902282704BF0000F89890 /* PopularTCell.xib in Resources */ = {isa = PBXBuildFile; fileRef = 918902262704BF0000F89890 /* PopularTCell.xib */; };
		9189022A2704C49C00F89890 /* Product.swift in Sources */ = {isa = PBXBuildFile; fileRef = 918902292704C49C00F89890 /* Product.swift */; };
		9189022C2704CAA500F89890 /* StackViewEx.swift in Sources */ = {isa = PBXBuildFile; fileRef = 9189022B2704CAA500F89890 /* StackViewEx.swift */; };
		9189022F2704D09E00F89890 /* CustomTabBarController.swift in Sources */ = {isa = PBXBuildFile; fileRef = 9189022E2704D09E00F89890 /* CustomTabBarController.swift */; };
		91E7F8882700E54E00328774 /* AppDelegate.swift in Sources */ = {isa = PBXBuildFile; fileRef = 91E7F8872700E54E00328774 /* AppDelegate.swift */; };
		91E7F8912700E55400328774 /* Assets.xcassets in Resources */ = {isa = PBXBuildFile; fileRef = 91E7F8902700E55400328774 /* Assets.xcassets */; };
		91E7F8942700E55400328774 /* LaunchScreen.storyboard in Resources */ = {isa = PBXBuildFile; fileRef = 91E7F8922700E55400328774 /* LaunchScreen.storyboard */; };
/* End PBXBuildFile section */

/* Begin PBXFileReference section */
		144BE44BC1022395DD02551D /* Pods_MVVM.framework */ = {isa = PBXFileReference; explicitFileType = wrapper.framework; includeInIndex = 0; path = Pods_MVVM.framework; sourceTree = BUILT_PRODUCTS_DIR; };
		911864572700FE0700A27381 /* HomeVC.swift */ = {isa = PBXFileReference; lastKnownFileType = sourcecode.swift; path = HomeVC.swift; sourceTree = "<group>"; };
		911864582700FE0700A27381 /* HomeVC.xib */ = {isa = PBXFileReference; lastKnownFileType = file.xib; path = HomeVC.xib; sourceTree = "<group>"; };
		9178322C2702751000C26686 /* HomeViewModel.swift */ = {isa = PBXFileReference; lastKnownFileType = sourcecode.swift; path = HomeViewModel.swift; sourceTree = "<group>"; };
		917CD3E427010715004C07E4 /* UIViewEx.swift */ = {isa = PBXFileReference; lastKnownFileType = sourcecode.swift; path = UIViewEx.swift; sourceTree = "<group>"; };
		917CD3E627010A4C004C07E4 /* UICollectionEx.swift */ = {isa = PBXFileReference; lastKnownFileType = sourcecode.swift; path = UICollectionEx.swift; sourceTree = "<group>"; };
		917CD3E827010AD9004C07E4 /* UITableViewEx.swift */ = {isa = PBXFileReference; lastKnownFileType = sourcecode.swift; path = UITableViewEx.swift; sourceTree = "<group>"; };
		917CD3EB27010DFF004C07E4 /* SilderCell.swift */ = {isa = PBXFileReference; lastKnownFileType = sourcecode.swift; path = SilderCell.swift; sourceTree = "<group>"; };
		917CD3EC27010DFF004C07E4 /* SilderCell.xib */ = {isa = PBXFileReference; lastKnownFileType = file.xib; path = SilderCell.xib; sourceTree = "<group>"; };
		917CD3F127011B2F004C07E4 /* RatingView.swift */ = {isa = PBXFileReference; lastKnownFileType = sourcecode.swift; path = RatingView.swift; sourceTree = "<group>"; };
		918902252704BF0000F89890 /* PopularTCell.swift */ = {isa = PBXFileReference; lastKnownFileType = sourcecode.swift; path = PopularTCell.swift; sourceTree = "<group>"; };
		918902262704BF0000F89890 /* PopularTCell.xib */ = {isa = PBXFileReference; lastKnownFileType = file.xib; path = PopularTCell.xib; sourceTree = "<group>"; };
		918902292704C49C00F89890 /* Product.swift */ = {isa = PBXFileReference; lastKnownFileType = sourcecode.swift; path = Product.swift; sourceTree = "<group>"; };
		9189022B2704CAA500F89890 /* StackViewEx.swift */ = {isa = PBXFileReference; lastKnownFileType = sourcecode.swift; path = StackViewEx.swift; sourceTree = "<group>"; };
		9189022E2704D09E00F89890 /* CustomTabBarController.swift */ = {isa = PBXFileReference; lastKnownFileType = sourcecode.swift; path = CustomTabBarController.swift; sourceTree = "<group>"; };
		91E7F8842700E54E00328774 /* MVVM.app */ = {isa = PBXFileReference; explicitFileType = wrapper.application; includeInIndex = 0; path = MVVM.app; sourceTree = BUILT_PRODUCTS_DIR; };
		91E7F8872700E54E00328774 /* AppDelegate.swift */ = {isa = PBXFileReference; lastKnownFileType = sourcecode.swift; path = AppDelegate.swift; sourceTree = "<group>"; };
		91E7F8902700E55400328774 /* Assets.xcassets */ = {isa = PBXFileReference; lastKnownFileType = folder.assetcatalog; path = Assets.xcassets; sourceTree = "<group>"; };
		91E7F8932700E55400328774 /* Base */ = {isa = PBXFileReference; lastKnownFileType = file.storyboard; name = Base; path = Base.lproj/LaunchScreen.storyboard; sourceTree = "<group>"; };
		91E7F8952700E55400328774 /* Info.plist */ = {isa = PBXFileReference; lastKnownFileType = text.plist.xml; path = Info.plist; sourceTree = "<group>"; };
		E156E651E46B0C862ED217DC /* Pods-MVVM.debug.xcconfig */ = {isa = PBXFileReference; includeInIndex = 1; lastKnownFileType = text.xcconfig; name = "Pods-MVVM.debug.xcconfig"; path = "Target Support Files/Pods-MVVM/Pods-MVVM.debug.xcconfig"; sourceTree = "<group>"; };
		FD9FD04D0A1FBD830D154F77 /* Pods-MVVM.release.xcconfig */ = {isa = PBXFileReference; includeInIndex = 1; lastKnownFileType = text.xcconfig; name = "Pods-MVVM.release.xcconfig"; path = "Target Support Files/Pods-MVVM/Pods-MVVM.release.xcconfig"; sourceTree = "<group>"; };
/* End PBXFileReference section */

/* Begin PBXFrameworksBuildPhase section */
		91E7F8812700E54E00328774 /* Frameworks */ = {
			isa = PBXFrameworksBuildPhase;
			buildActionMask = 2147483647;
			files = (
				706655DAE34044F0DA650AF5 /* Pods_MVVM.framework in Frameworks */,
			);
			runOnlyForDeploymentPostprocessing = 0;
		};
/* End PBXFrameworksBuildPhase section */

/* Begin PBXGroup section */
		29981768CC4ED3B13F6C1BDD /* Pods */ = {
			isa = PBXGroup;
			children = (
				E156E651E46B0C862ED217DC /* Pods-MVVM.debug.xcconfig */,
				FD9FD04D0A1FBD830D154F77 /* Pods-MVVM.release.xcconfig */,
			);
			path = Pods;
			sourceTree = "<group>";
		};
		65BC0E873874F25324AF476B /* Frameworks */ = {
			isa = PBXGroup;
			children = (
				144BE44BC1022395DD02551D /* Pods_MVVM.framework */,
			);
			name = Frameworks;
			sourceTree = "<group>";
		};
		911864562700FDDC00A27381 /* Home */ = {
			isa = PBXGroup;
			children = (
				918902242704BED800F89890 /* TableViewCells */,
				917CD3EA27010DE2004C07E4 /* CollectionCells */,
				9178322C2702751000C26686 /* HomeViewModel.swift */,
				911864572700FE0700A27381 /* HomeVC.swift */,
				911864582700FE0700A27381 /* HomeVC.xib */,
			);
			path = Home;
			sourceTree = "<group>";
		};
		917CD3E3270106FD004C07E4 /* UIView */ = {
			isa = PBXGroup;
			children = (
				917CD3E427010715004C07E4 /* UIViewEx.swift */,
				917CD3E627010A4C004C07E4 /* UICollectionEx.swift */,
				917CD3E827010AD9004C07E4 /* UITableViewEx.swift */,
				9189022B2704CAA500F89890 /* StackViewEx.swift */,
			);
			path = UIView;
			sourceTree = "<group>";
		};
		917CD3EA27010DE2004C07E4 /* CollectionCells */ = {
			isa = PBXGroup;
			children = (
				917CD3EB27010DFF004C07E4 /* SilderCell.swift */,
				917CD3EC27010DFF004C07E4 /* SilderCell.xib */,
			);
			path = CollectionCells;
			sourceTree = "<group>";
		};
		917CD3EF27011AF1004C07E4 /* Utilities */ = {
			isa = PBXGroup;
			children = (
				9189022D2704D07500F89890 /* CustomTabBar */,
				917CD3F027011B06004C07E4 /* Rating */,
			);
			path = Utilities;
			sourceTree = "<group>";
		};
		917CD3F027011B06004C07E4 /* Rating */ = {
			isa = PBXGroup;
			children = (
				917CD3F127011B2F004C07E4 /* RatingView.swift */,
			);
			path = Rating;
			sourceTree = "<group>";
		};
		918902242704BED800F89890 /* TableViewCells */ = {
			isa = PBXGroup;
			children = (
				918902252704BF0000F89890 /* PopularTCell.swift */,
				918902262704BF0000F89890 /* PopularTCell.xib */,
			);
			path = TableViewCells;
			sourceTree = "<group>";
		};
		9189022D2704D07500F89890 /* CustomTabBar */ = {
			isa = PBXGroup;
			children = (
				9189022E2704D09E00F89890 /* CustomTabBarController.swift */,
			);
			path = CustomTabBar;
			sourceTree = "<group>";
		};
		91E7F87B2700E54E00328774 = {
			isa = PBXGroup;
			children = (
				91E7F8862700E54E00328774 /* MVVM */,
				91E7F8852700E54E00328774 /* Products */,
				29981768CC4ED3B13F6C1BDD /* Pods */,
				65BC0E873874F25324AF476B /* Frameworks */,
			);
			sourceTree = "<group>";
		};
		91E7F8852700E54E00328774 /* Products */ = {
			isa = PBXGroup;
			children = (
				91E7F8842700E54E00328774 /* MVVM.app */,
			);
			name = Products;
			sourceTree = "<group>";
		};
		91E7F8862700E54E00328774 /* MVVM */ = {
			isa = PBXGroup;
			children = (
				91E7F89B2700F8B800328774 /* Core */,
				91E7F89E2700F8EA00328774 /* Extensions */,
				91E7F8A32700F94700328774 /* Model */,
				91E7F8A22700F93100328774 /* Scenes */,
				917CD3EF27011AF1004C07E4 /* Utilities */,
				91E7F8A12700F90B00328774 /* DesignSystem */,
				91E7F89D2700F8CF00328774 /* Shared */,
				91E7F8A02700F90000328774 /* Services */,
				91E7F89F2700F8F400328774 /* Resource */,
				91E7F89C2700F8C300328774 /* Configuration */,
				91E7F8952700E55400328774 /* Info.plist */,
			);
			path = MVVM;
			sourceTree = "<group>";
		};
		91E7F89B2700F8B800328774 /* Core */ = {
			isa = PBXGroup;
			children = (
				91E7F8872700E54E00328774 /* AppDelegate.swift */,
			);
			path = Core;
			sourceTree = "<group>";
		};
		91E7F89C2700F8C300328774 /* Configuration */ = {
			isa = PBXGroup;
			children = (
				91E7F8922700E55400328774 /* LaunchScreen.storyboard */,
			);
			path = Configuration;
			sourceTree = "<group>";
		};
		91E7F89D2700F8CF00328774 /* Shared */ = {
			isa = PBXGroup;
			children = (
			);
			path = Shared;
			sourceTree = "<group>";
		};
		91E7F89E2700F8EA00328774 /* Extensions */ = {
			isa = PBXGroup;
			children = (
				917CD3E3270106FD004C07E4 /* UIView */,
			);
			path = Extensions;
			sourceTree = "<group>";
		};
		91E7F89F2700F8F400328774 /* Resource */ = {
			isa = PBXGroup;
			children = (
				91E7F8902700E55400328774 /* Assets.xcassets */,
			);
			path = Resource;
			sourceTree = "<group>";
		};
		91E7F8A02700F90000328774 /* Services */ = {
			isa = PBXGroup;
			children = (
			);
			path = Services;
			sourceTree = "<group>";
		};
		91E7F8A12700F90B00328774 /* DesignSystem */ = {
			isa = PBXGroup;
			children = (
			);
			path = DesignSystem;
			sourceTree = "<group>";
		};
		91E7F8A22700F93100328774 /* Scenes */ = {
			isa = PBXGroup;
			children = (
				911864562700FDDC00A27381 /* Home */,
			);
			path = Scenes;
			sourceTree = "<group>";
		};
		91E7F8A32700F94700328774 /* Model */ = {
			isa = PBXGroup;
			children = (
				918902292704C49C00F89890 /* Product.swift */,
			);
			path = Model;
			sourceTree = "<group>";
		};
/* End PBXGroup section */

/* Begin PBXNativeTarget section */
		91E7F8832700E54E00328774 /* MVVM */ = {
			isa = PBXNativeTarget;
			buildConfigurationList = 91E7F8982700E55400328774 /* Build configuration list for PBXNativeTarget "MVVM" */;
			buildPhases = (
				4CCB2B34E52C25FDDC94F7F6 /* [CP] Check Pods Manifest.lock */,
				91E7F8802700E54E00328774 /* Sources */,
				91E7F8812700E54E00328774 /* Frameworks */,
				91E7F8822700E54E00328774 /* Resources */,
				D8042C17CED862F755ABE6D6 /* [CP] Embed Pods Frameworks */,
			);
			buildRules = (
			);
			dependencies = (
			);
			name = MVVM;
			productName = MVVM;
			productReference = 91E7F8842700E54E00328774 /* MVVM.app */;
			productType = "com.apple.product-type.application";
		};
/* End PBXNativeTarget section */

/* Begin PBXProject section */
		91E7F87C2700E54E00328774 /* Project object */ = {
			isa = PBXProject;
			attributes = {
				BuildIndependentTargetsInParallel = 1;
				LastSwiftUpdateCheck = 1300;
				LastUpgradeCheck = 1300;
				TargetAttributes = {
					91E7F8832700E54E00328774 = {
						CreatedOnToolsVersion = 13.0;
					};
				};
			};
			buildConfigurationList = 91E7F87F2700E54E00328774 /* Build configuration list for PBXProject "MVVM" */;
			compatibilityVersion = "Xcode 13.0";
			developmentRegion = en;
			hasScannedForEncodings = 0;
			knownRegions = (
				en,
				Base,
			);
			mainGroup = 91E7F87B2700E54E00328774;
			productRefGroup = 91E7F8852700E54E00328774 /* Products */;
			projectDirPath = "";
			projectRoot = "";
			targets = (
				91E7F8832700E54E00328774 /* MVVM */,
			);
		};
/* End PBXProject section */

/* Begin PBXResourcesBuildPhase section */
		91E7F8822700E54E00328774 /* Resources */ = {
			isa = PBXResourcesBuildPhase;
			buildActionMask = 2147483647;
			files = (
				91E7F8942700E55400328774 /* LaunchScreen.storyboard in Resources */,
				9118645A2700FE0700A27381 /* HomeVC.xib in Resources */,
				918902282704BF0000F89890 /* PopularTCell.xib in Resources */,
				917CD3EE27010DFF004C07E4 /* SilderCell.xib in Resources */,
				91E7F8912700E55400328774 /* Assets.xcassets in Resources */,
			);
			runOnlyForDeploymentPostprocessing = 0;
		};
/* End PBXResourcesBuildPhase section */

/* Begin PBXShellScriptBuildPhase section */
		4CCB2B34E52C25FDDC94F7F6 /* [CP] Check Pods Manifest.lock */ = {
			isa = PBXShellScriptBuildPhase;
			buildActionMask = 2147483647;
			files = (
			);
			inputFileListPaths = (
			);
			inputPaths = (
				"${PODS_PODFILE_DIR_PATH}/Podfile.lock",
				"${PODS_ROOT}/Manifest.lock",
			);
			name = "[CP] Check Pods Manifest.lock";
			outputFileListPaths = (
			);
			outputPaths = (
				"$(DERIVED_FILE_DIR)/Pods-MVVM-checkManifestLockResult.txt",
			);
			runOnlyForDeploymentPostprocessing = 0;
			shellPath = /bin/sh;
			shellScript = "diff \"${PODS_PODFILE_DIR_PATH}/Podfile.lock\" \"${PODS_ROOT}/Manifest.lock\" > /dev/null\nif [ $? != 0 ] ; then\n    # print error to STDERR\n    echo \"error: The sandbox is not in sync with the Podfile.lock. Run 'pod install' or update your CocoaPods installation.\" >&2\n    exit 1\nfi\n# This output is used by Xcode 'outputs' to avoid re-running this script phase.\necho \"SUCCESS\" > \"${SCRIPT_OUTPUT_FILE_0}\"\n";
			showEnvVarsInLog = 0;
		};
		D8042C17CED862F755ABE6D6 /* [CP] Embed Pods Frameworks */ = {
			isa = PBXShellScriptBuildPhase;
			buildActionMask = 2147483647;
			files = (
			);
			inputFileListPaths = (
				"${PODS_ROOT}/Target Support Files/Pods-MVVM/Pods-MVVM-frameworks-${CONFIGURATION}-input-files.xcfilelist",
			);
			name = "[CP] Embed Pods Frameworks";
			outputFileListPaths = (
				"${PODS_ROOT}/Target Support Files/Pods-MVVM/Pods-MVVM-frameworks-${CONFIGURATION}-output-files.xcfilelist",
			);
			runOnlyForDeploymentPostprocessing = 0;
			shellPath = /bin/sh;
			shellScript = "\"${PODS_ROOT}/Target Support Files/Pods-MVVM/Pods-MVVM-frameworks.sh\"\n";
			showEnvVarsInLog = 0;
		};
/* End PBXShellScriptBuildPhase section */

/* Begin PBXSourcesBuildPhase section */
		91E7F8802700E54E00328774 /* Sources */ = {
			isa = PBXSourcesBuildPhase;
			buildActionMask = 2147483647;
			files = (
				91E7F8882700E54E00328774 /* AppDelegate.swift in Sources */,
				917CD3E927010AD9004C07E4 /* UITableViewEx.swift in Sources */,
				9189022F2704D09E00F89890 /* CustomTabBarController.swift in Sources */,
				911864592700FE0700A27381 /* HomeVC.swift in Sources */,
				9178322D2702751000C26686 /* HomeViewModel.swift in Sources */,
				917CD3E727010A4C004C07E4 /* UICollectionEx.swift in Sources */,
				917CD3ED27010DFF004C07E4 /* SilderCell.swift in Sources */,
				917CD3E527010715004C07E4 /* UIViewEx.swift in Sources */,
				9189022C2704CAA500F89890 /* StackViewEx.swift in Sources */,
				9189022A2704C49C00F89890 /* Product.swift in Sources */,
				917CD3F227011B2F004C07E4 /* RatingView.swift in Sources */,
				918902272704BF0000F89890 /* PopularTCell.swift in Sources */,
			);
			runOnlyForDeploymentPostprocessing = 0;
		};
/* End PBXSourcesBuildPhase section */

/* Begin PBXVariantGroup section */
		91E7F8922700E55400328774 /* LaunchScreen.storyboard */ = {
			isa = PBXVariantGroup;
			children = (
				91E7F8932700E55400328774 /* Base */,
			);
			name = LaunchScreen.storyboard;
			sourceTree = "<group>";
		};
/* End PBXVariantGroup section */

/* Begin XCBuildConfiguration section */
		91E7F8962700E55400328774 /* Debug */ = {
			isa = XCBuildConfiguration;
			buildSettings = {
				ALWAYS_SEARCH_USER_PATHS = NO;
				CLANG_ANALYZER_NONNULL = YES;
				CLANG_ANALYZER_NUMBER_OBJECT_CONVERSION = YES_AGGRESSIVE;
				CLANG_CXX_LANGUAGE_STANDARD = "gnu++17";
				CLANG_CXX_LIBRARY = "libc++";
				CLANG_ENABLE_MODULES = YES;
				CLANG_ENABLE_OBJC_ARC = YES;
				CLANG_ENABLE_OBJC_WEAK = YES;
				CLANG_WARN_BLOCK_CAPTURE_AUTORELEASING = YES;
				CLANG_WARN_BOOL_CONVERSION = YES;
				CLANG_WARN_COMMA = YES;
				CLANG_WARN_CONSTANT_CONVERSION = YES;
				CLANG_WARN_DEPRECATED_OBJC_IMPLEMENTATIONS = YES;
				CLANG_WARN_DIRECT_OBJC_ISA_USAGE = YES_ERROR;
				CLANG_WARN_DOCUMENTATION_COMMENTS = YES;
				CLANG_WARN_EMPTY_BODY = YES;
				CLANG_WARN_ENUM_CONVERSION = YES;
				CLANG_WARN_INFINITE_RECURSION = YES;
				CLANG_WARN_INT_CONVERSION = YES;
				CLANG_WARN_NON_LITERAL_NULL_CONVERSION = YES;
				CLANG_WARN_OBJC_IMPLICIT_RETAIN_SELF = YES;
				CLANG_WARN_OBJC_LITERAL_CONVERSION = YES;
				CLANG_WARN_OBJC_ROOT_CLASS = YES_ERROR;
				CLANG_WARN_QUOTED_INCLUDE_IN_FRAMEWORK_HEADER = YES;
				CLANG_WARN_RANGE_LOOP_ANALYSIS = YES;
				CLANG_WARN_STRICT_PROTOTYPES = YES;
				CLANG_WARN_SUSPICIOUS_MOVE = YES;
				CLANG_WARN_UNGUARDED_AVAILABILITY = YES_AGGRESSIVE;
				CLANG_WARN_UNREACHABLE_CODE = YES;
				CLANG_WARN__DUPLICATE_METHOD_MATCH = YES;
				COPY_PHASE_STRIP = NO;
				DEBUG_INFORMATION_FORMAT = dwarf;
				ENABLE_STRICT_OBJC_MSGSEND = YES;
				ENABLE_TESTABILITY = YES;
				GCC_C_LANGUAGE_STANDARD = gnu11;
				GCC_DYNAMIC_NO_PIC = NO;
				GCC_NO_COMMON_BLOCKS = YES;
				GCC_OPTIMIZATION_LEVEL = 0;
				GCC_PREPROCESSOR_DEFINITIONS = (
					"DEBUG=1",
					"$(inherited)",
				);
				GCC_WARN_64_TO_32_BIT_CONVERSION = YES;
				GCC_WARN_ABOUT_RETURN_TYPE = YES_ERROR;
				GCC_WARN_UNDECLARED_SELECTOR = YES;
				GCC_WARN_UNINITIALIZED_AUTOS = YES_AGGRESSIVE;
				GCC_WARN_UNUSED_FUNCTION = YES;
				GCC_WARN_UNUSED_VARIABLE = YES;
				IPHONEOS_DEPLOYMENT_TARGET = 15.0;
				MTL_ENABLE_DEBUG_INFO = INCLUDE_SOURCE;
				MTL_FAST_MATH = YES;
				ONLY_ACTIVE_ARCH = YES;
				SDKROOT = iphoneos;
				SWIFT_ACTIVE_COMPILATION_CONDITIONS = DEBUG;
				SWIFT_OPTIMIZATION_LEVEL = "-Onone";
			};
			name = Debug;
		};
		91E7F8972700E55400328774 /* Release */ = {
			isa = XCBuildConfiguration;
			buildSettings = {
				ALWAYS_SEARCH_USER_PATHS = NO;
				CLANG_ANALYZER_NONNULL = YES;
				CLANG_ANALYZER_NUMBER_OBJECT_CONVERSION = YES_AGGRESSIVE;
				CLANG_CXX_LANGUAGE_STANDARD = "gnu++17";
				CLANG_CXX_LIBRARY = "libc++";
				CLANG_ENABLE_MODULES = YES;
				CLANG_ENABLE_OBJC_ARC = YES;
				CLANG_ENABLE_OBJC_WEAK = YES;
				CLANG_WARN_BLOCK_CAPTURE_AUTORELEASING = YES;
				CLANG_WARN_BOOL_CONVERSION = YES;
				CLANG_WARN_COMMA = YES;
				CLANG_WARN_CONSTANT_CONVERSION = YES;
				CLANG_WARN_DEPRECATED_OBJC_IMPLEMENTATIONS = YES;
				CLANG_WARN_DIRECT_OBJC_ISA_USAGE = YES_ERROR;
				CLANG_WARN_DOCUMENTATION_COMMENTS = YES;
				CLANG_WARN_EMPTY_BODY = YES;
				CLANG_WARN_ENUM_CONVERSION = YES;
				CLANG_WARN_INFINITE_RECURSION = YES;
				CLANG_WARN_INT_CONVERSION = YES;
				CLANG_WARN_NON_LITERAL_NULL_CONVERSION = YES;
				CLANG_WARN_OBJC_IMPLICIT_RETAIN_SELF = YES;
				CLANG_WARN_OBJC_LITERAL_CONVERSION = YES;
				CLANG_WARN_OBJC_ROOT_CLASS = YES_ERROR;
				CLANG_WARN_QUOTED_INCLUDE_IN_FRAMEWORK_HEADER = YES;
				CLANG_WARN_RANGE_LOOP_ANALYSIS = YES;
				CLANG_WARN_STRICT_PROTOTYPES = YES;
				CLANG_WARN_SUSPICIOUS_MOVE = YES;
				CLANG_WARN_UNGUARDED_AVAILABILITY = YES_AGGRESSIVE;
				CLANG_WARN_UNREACHABLE_CODE = YES;
				CLANG_WARN__DUPLICATE_METHOD_MATCH = YES;
				COPY_PHASE_STRIP = NO;
				DEBUG_INFORMATION_FORMAT = "dwarf-with-dsym";
				ENABLE_NS_ASSERTIONS = NO;
				ENABLE_STRICT_OBJC_MSGSEND = YES;
				GCC_C_LANGUAGE_STANDARD = gnu11;
				GCC_NO_COMMON_BLOCKS = YES;
				GCC_WARN_64_TO_32_BIT_CONVERSION = YES;
				GCC_WARN_ABOUT_RETURN_TYPE = YES_ERROR;
				GCC_WARN_UNDECLARED_SELECTOR = YES;
				GCC_WARN_UNINITIALIZED_AUTOS = YES_AGGRESSIVE;
				GCC_WARN_UNUSED_FUNCTION = YES;
				GCC_WARN_UNUSED_VARIABLE = YES;
				IPHONEOS_DEPLOYMENT_TARGET = 15.0;
				MTL_ENABLE_DEBUG_INFO = NO;
				MTL_FAST_MATH = YES;
				SDKROOT = iphoneos;
				SWIFT_COMPILATION_MODE = wholemodule;
				SWIFT_OPTIMIZATION_LEVEL = "-O";
				VALIDATE_PRODUCT = YES;
			};
			name = Release;
		};
		91E7F8992700E55400328774 /* Debug */ = {
			isa = XCBuildConfiguration;
			baseConfigurationReference = E156E651E46B0C862ED217DC /* Pods-MVVM.debug.xcconfig */;
			buildSettings = {
				ASSETCATALOG_COMPILER_APPICON_NAME = AppIcon;
				ASSETCATALOG_COMPILER_GLOBAL_ACCENT_COLOR_NAME = AccentColor;
				CODE_SIGN_STYLE = Automatic;
				CURRENT_PROJECT_VERSION = 1;
				DEVELOPMENT_TEAM = D4H24PLLCD;
				GENERATE_INFOPLIST_FILE = YES;
				INFOPLIST_FILE = MVVM/Info.plist;
				INFOPLIST_KEY_UIApplicationSupportsIndirectInputEvents = YES;
				INFOPLIST_KEY_UILaunchStoryboardName = LaunchScreen;
				INFOPLIST_KEY_UISupportedInterfaceOrientations_iPad = "UIInterfaceOrientationPortrait UIInterfaceOrientationPortraitUpsideDown UIInterfaceOrientationLandscapeLeft UIInterfaceOrientationLandscapeRight";
				INFOPLIST_KEY_UISupportedInterfaceOrientations_iPhone = "UIInterfaceOrientationPortrait UIInterfaceOrientationLandscapeLeft UIInterfaceOrientationLandscapeRight";
				IPHONEOS_DEPLOYMENT_TARGET = 13.0;
				LD_RUNPATH_SEARCH_PATHS = (
					"$(inherited)",
					"@executable_path/Frameworks",
				);
				MARKETING_VERSION = 1.0;
				PRODUCT_BUNDLE_IDENTIFIER = Sherbeny96.MVVM;
				PRODUCT_NAME = "$(TARGET_NAME)";
				SWIFT_EMIT_LOC_STRINGS = YES;
				SWIFT_VERSION = 5.0;
				TARGETED_DEVICE_FAMILY = "1,2";
			};
			name = Debug;
		};
		91E7F89A2700E55400328774 /* Release */ = {
			isa = XCBuildConfiguration;
			baseConfigurationReference = FD9FD04D0A1FBD830D154F77 /* Pods-MVVM.release.xcconfig */;
			buildSettings = {
				ASSETCATALOG_COMPILER_APPICON_NAME = AppIcon;
				ASSETCATALOG_COMPILER_GLOBAL_ACCENT_COLOR_NAME = AccentColor;
				CODE_SIGN_STYLE = Automatic;
				CURRENT_PROJECT_VERSION = 1;
				DEVELOPMENT_TEAM = D4H24PLLCD;
				GENERATE_INFOPLIST_FILE = YES;
				INFOPLIST_FILE = MVVM/Info.plist;
				INFOPLIST_KEY_UIApplicationSupportsIndirectInputEvents = YES;
				INFOPLIST_KEY_UILaunchStoryboardName = LaunchScreen;
				INFOPLIST_KEY_UISupportedInterfaceOrientations_iPad = "UIInterfaceOrientationPortrait UIInterfaceOrientationPortraitUpsideDown UIInterfaceOrientationLandscapeLeft UIInterfaceOrientationLandscapeRight";
				INFOPLIST_KEY_UISupportedInterfaceOrientations_iPhone = "UIInterfaceOrientationPortrait UIInterfaceOrientationLandscapeLeft UIInterfaceOrientationLandscapeRight";
				IPHONEOS_DEPLOYMENT_TARGET = 13.0;
				LD_RUNPATH_SEARCH_PATHS = (
					"$(inherited)",
					"@executable_path/Frameworks",
				);
				MARKETING_VERSION = 1.0;
				PRODUCT_BUNDLE_IDENTIFIER = Sherbeny96.MVVM;
				PRODUCT_NAME = "$(TARGET_NAME)";
				SWIFT_EMIT_LOC_STRINGS = YES;
				SWIFT_VERSION = 5.0;
				TARGETED_DEVICE_FAMILY = "1,2";
			};
			name = Release;
		};
/* End XCBuildConfiguration section */

/* Begin XCConfigurationList section */
		91E7F87F2700E54E00328774 /* Build configuration list for PBXProject "MVVM" */ = {
			isa = XCConfigurationList;
			buildConfigurations = (
				91E7F8962700E55400328774 /* Debug */,
				91E7F8972700E55400328774 /* Release */,
			);
			defaultConfigurationIsVisible = 0;
			defaultConfigurationName = Release;
		};
		91E7F8982700E55400328774 /* Build configuration list for PBXNativeTarget "MVVM" */ = {
			isa = XCConfigurationList;
			buildConfigurations = (
				91E7F8992700E55400328774 /* Debug */,
				91E7F89A2700E55400328774 /* Release */,
			);
			defaultConfigurationIsVisible = 0;
			defaultConfigurationName = Release;
		};
/* End XCConfigurationList section */
	};
	rootObject = 91E7F87C2700E54E00328774 /* Project object */;
}
